
Microsoft Visual Studio Solution File, Format Version 12.00
# Visual Studio Version 17
VisualStudioVersion = 17.6.33801.468
MinimumVisualStudioVersion = 10.0.40219.1
Project("{2150E333-8FDC-42A3-9474-1A3956D46DE8}") = "Solution Items", "Solution Items", "{E6CF4542-08D5-4F92-9116-EEC8D4AD63B0}"
	ProjectSection(SolutionItems) = preProject
		.editorconfig = .editorconfig
		FakeTMI\faketmi.mts = FakeTMI\faketmi.mts
	EndProjectSection
EndProject
Project("{9A19103F-16F7-4668-BE54-9A1E7A4F7556}") = "Fumo.Commands", "src\Fumo.Commands\Fumo.Commands.csproj", "{D3DE7C0A-5320-45F2-BFEF-5687995A7286}"
EndProject
Project("{9A19103F-16F7-4668-BE54-9A1E7A4F7556}") = "Fumo.Database", "src\Fumo.Database\Fumo.Database.csproj", "{4CE1CB8A-6DAA-4E0F-915C-14A68C803FE0}"
EndProject
Project("{9A19103F-16F7-4668-BE54-9A1E7A4F7556}") = "Fumo.Shared", "src\Fumo.Shared\Fumo.Shared.csproj", "{617EBB92-F894-4F31-8187-846ADCCD49FF}"
EndProject
Project("{9A19103F-16F7-4668-BE54-9A1E7A4F7556}") = "Fumo.Tests", "tests\Fumo.Tests.csproj", "{DD23874B-C75A-435E-A8AE-36B476C840F0}"
EndProject
Project("{9A19103F-16F7-4668-BE54-9A1E7A4F7556}") = "Fumo.Application", "src\Fumo.Application\Fumo.Application.csproj", "{EC32F7E8-0230-4CBD-9950-4D665E065515}"
EndProject
Project("{FAE04EC0-301F-11D3-BF4B-00C04F79EFBC}") = "Fumo.BackgroundJobs", "src\Fumo.BackgroundJobs\Fumo.BackgroundJobs.csproj", "{081B7D1D-D558-456D-8E39-CC4EE1CA3E74}"
EndProject
Global
	GlobalSection(SolutionConfigurationPlatforms) = preSolution
		Debug|Any CPU = Debug|Any CPU
		Release|Any CPU = Release|Any CPU
	EndGlobalSection
	GlobalSection(ProjectConfigurationPlatforms) = postSolution
		{D3DE7C0A-5320-45F2-BFEF-5687995A7286}.Debug|Any CPU.ActiveCfg = Debug|Any CPU
		{D3DE7C0A-5320-45F2-BFEF-5687995A7286}.Debug|Any CPU.Build.0 = Debug|Any CPU
		{D3DE7C0A-5320-45F2-BFEF-5687995A7286}.Release|Any CPU.ActiveCfg = Release|Any CPU
		{D3DE7C0A-5320-45F2-BFEF-5687995A7286}.Release|Any CPU.Build.0 = Release|Any CPU
		{4CE1CB8A-6DAA-4E0F-915C-14A68C803FE0}.Debug|Any CPU.ActiveCfg = Debug|Any CPU
		{4CE1CB8A-6DAA-4E0F-915C-14A68C803FE0}.Debug|Any CPU.Build.0 = Debug|Any CPU
		{4CE1CB8A-6DAA-4E0F-915C-14A68C803FE0}.Release|Any CPU.ActiveCfg = Release|Any CPU
		{4CE1CB8A-6DAA-4E0F-915C-14A68C803FE0}.Release|Any CPU.Build.0 = Release|Any CPU
		{617EBB92-F894-4F31-8187-846ADCCD49FF}.Debug|Any CPU.ActiveCfg = Debug|Any CPU
		{617EBB92-F894-4F31-8187-846ADCCD49FF}.Debug|Any CPU.Build.0 = Debug|Any CPU
		{617EBB92-F894-4F31-8187-846ADCCD49FF}.Release|Any CPU.ActiveCfg = Release|Any CPU
		{617EBB92-F894-4F31-8187-846ADCCD49FF}.Release|Any CPU.Build.0 = Release|Any CPU
		{DD23874B-C75A-435E-A8AE-36B476C840F0}.Debug|Any CPU.ActiveCfg = Debug|Any CPU
		{DD23874B-C75A-435E-A8AE-36B476C840F0}.Debug|Any CPU.Build.0 = Debug|Any CPU
		{DD23874B-C75A-435E-A8AE-36B476C840F0}.Release|Any CPU.ActiveCfg = Release|Any CPU
		{DD23874B-C75A-435E-A8AE-36B476C840F0}.Release|Any CPU.Build.0 = Release|Any CPU
		{EC32F7E8-0230-4CBD-9950-4D665E065515}.Debug|Any CPU.ActiveCfg = Debug|Any CPU
		{EC32F7E8-0230-4CBD-9950-4D665E065515}.Debug|Any CPU.Build.0 = Debug|Any CPU
		{EC32F7E8-0230-4CBD-9950-4D665E065515}.Release|Any CPU.ActiveCfg = Release|Any CPU
		{EC32F7E8-0230-4CBD-9950-4D665E065515}.Release|Any CPU.Build.0 = Release|Any CPU
		{081B7D1D-D558-456D-8E39-CC4EE1CA3E74}.Debug|Any CPU.ActiveCfg = Debug|Any CPU
		{081B7D1D-D558-456D-8E39-CC4EE1CA3E74}.Debug|Any CPU.Build.0 = Debug|Any CPU
		{081B7D1D-D558-456D-8E39-CC4EE1CA3E74}.Release|Any CPU.ActiveCfg = Release|Any CPU
		{081B7D1D-D558-456D-8E39-CC4EE1CA3E74}.Release|Any CPU.Build.0 = Release|Any CPU
	EndGlobalSection
	GlobalSection(SolutionProperties) = preSolution
		HideSolutionNode = FALSE
	EndGlobalSection
	GlobalSection(ExtensibilityGlobals) = postSolution
		SolutionGuid = {764B59D0-1B81-4091-9B36-FDF26C9B2E1D}
	EndGlobalSection
EndGlobal
