
Microsoft Visual Studio Solution File, Format Version 12.00
# Visual Studio Version 17
VisualStudioVersion = 17.6.33801.468
MinimumVisualStudioVersion = 10.0.40219.1
Project("{9A19103F-16F7-4668-BE54-9A1E7A4F7556}") = "Fumo", "Fumo\Fumo.csproj", "{C4CF57A6-08DE-49A7-A66E-3998F43C901C}"
EndProject
Project("{2150E333-8FDC-42A3-9474-1A3956D46DE8}") = "Solution Items", "Solution Items", "{E6CF4542-08D5-4F92-9116-EEC8D4AD63B0}"
	ProjectSection(SolutionItems) = preProject
		.editorconfig = .editorconfig
		FakeTMI\faketmi.mts = FakeTMI\faketmi.mts
	EndProjectSection
EndProject
Project("{9A19103F-16F7-4668-BE54-9A1E7A4F7556}") = "Fumo.ThirdParty", "Fumo.ThirdParty\Fumo.ThirdParty.csproj", "{0967E4CE-60E5-494F-AE50-A50B42FD5648}"
EndProject
Project("{9A19103F-16F7-4668-BE54-9A1E7A4F7556}") = "Fumo.Database", "Fumo.Database\Fumo.Database.csproj", "{38A6F42D-AF04-4303-BBD2-6595B966D577}"
EndProject
Project("{9A19103F-16F7-4668-BE54-9A1E7A4F7556}") = "Fumo.Shared", "Fumo.Shared\Fumo.Shared.csproj", "{96503430-33FE-4250-818A-D0960F037F51}"
EndProject
Project("{9A19103F-16F7-4668-BE54-9A1E7A4F7556}") = "Fumo.Tests", "Fumo.Tests\Fumo.Tests.csproj", "{1265A5C0-D7D4-4B40-A1D2-1F0E8F12A6DF}"
EndProject
Project("{FAE04EC0-301F-11D3-BF4B-00C04F79EFBC}") = "Fumo.Commands", "Fumo.Commands\Fumo.Commands.csproj", "{80639043-51F5-4A05-880F-840A1517A278}"
EndProject
Global
	GlobalSection(SolutionConfigurationPlatforms) = preSolution
		Debug|Any CPU = Debug|Any CPU
		Release|Any CPU = Release|Any CPU
	EndGlobalSection
	GlobalSection(ProjectConfigurationPlatforms) = postSolution
		{C4CF57A6-08DE-49A7-A66E-3998F43C901C}.Debug|Any CPU.ActiveCfg = Debug|Any CPU
		{C4CF57A6-08DE-49A7-A66E-3998F43C901C}.Debug|Any CPU.Build.0 = Debug|Any CPU
		{C4CF57A6-08DE-49A7-A66E-3998F43C901C}.Release|Any CPU.ActiveCfg = Release|Any CPU
		{C4CF57A6-08DE-49A7-A66E-3998F43C901C}.Release|Any CPU.Build.0 = Release|Any CPU
		{0967E4CE-60E5-494F-AE50-A50B42FD5648}.Debug|Any CPU.ActiveCfg = Debug|Any CPU
		{0967E4CE-60E5-494F-AE50-A50B42FD5648}.Debug|Any CPU.Build.0 = Debug|Any CPU
		{0967E4CE-60E5-494F-AE50-A50B42FD5648}.Release|Any CPU.ActiveCfg = Release|Any CPU
		{0967E4CE-60E5-494F-AE50-A50B42FD5648}.Release|Any CPU.Build.0 = Release|Any CPU
		{38A6F42D-AF04-4303-BBD2-6595B966D577}.Debug|Any CPU.ActiveCfg = Debug|Any CPU
		{38A6F42D-AF04-4303-BBD2-6595B966D577}.Debug|Any CPU.Build.0 = Debug|Any CPU
		{38A6F42D-AF04-4303-BBD2-6595B966D577}.Release|Any CPU.ActiveCfg = Release|Any CPU
		{38A6F42D-AF04-4303-BBD2-6595B966D577}.Release|Any CPU.Build.0 = Release|Any CPU
		{96503430-33FE-4250-818A-D0960F037F51}.Debug|Any CPU.ActiveCfg = Debug|Any CPU
		{96503430-33FE-4250-818A-D0960F037F51}.Debug|Any CPU.Build.0 = Debug|Any CPU
		{96503430-33FE-4250-818A-D0960F037F51}.Release|Any CPU.ActiveCfg = Release|Any CPU
		{96503430-33FE-4250-818A-D0960F037F51}.Release|Any CPU.Build.0 = Release|Any CPU
		{1265A5C0-D7D4-4B40-A1D2-1F0E8F12A6DF}.Debug|Any CPU.ActiveCfg = Debug|Any CPU
		{1265A5C0-D7D4-4B40-A1D2-1F0E8F12A6DF}.Debug|Any CPU.Build.0 = Debug|Any CPU
		{1265A5C0-D7D4-4B40-A1D2-1F0E8F12A6DF}.Release|Any CPU.ActiveCfg = Release|Any CPU
		{1265A5C0-D7D4-4B40-A1D2-1F0E8F12A6DF}.Release|Any CPU.Build.0 = Release|Any CPU
		{80639043-51F5-4A05-880F-840A1517A278}.Debug|Any CPU.ActiveCfg = Debug|Any CPU
		{80639043-51F5-4A05-880F-840A1517A278}.Debug|Any CPU.Build.0 = Debug|Any CPU
		{80639043-51F5-4A05-880F-840A1517A278}.Release|Any CPU.ActiveCfg = Release|Any CPU
		{80639043-51F5-4A05-880F-840A1517A278}.Release|Any CPU.Build.0 = Release|Any CPU
	EndGlobalSection
	GlobalSection(SolutionProperties) = preSolution
		HideSolutionNode = FALSE
	EndGlobalSection
	GlobalSection(ExtensibilityGlobals) = postSolution
		SolutionGuid = {764B59D0-1B81-4091-9B36-FDF26C9B2E1D}
	EndGlobalSection
EndGlobal
