
Microsoft Visual Studio Solution File, Format Version 12.00
# Visual Studio Version 17
VisualStudioVersion = 17.6.33801.468
MinimumVisualStudioVersion = 10.0.40219.1
Project("{9A19103F-16F7-4668-BE54-9A1E7A4F7556}") = "Fumo", "Fumo\Fumo.csproj", "{C4CF57A6-08DE-49A7-A66E-3998F43C901C}"
EndProject
Project("{2150E333-8FDC-42A3-9474-1A3956D46DE8}") = "Solution Items", "Solution Items", "{E6CF4542-08D5-4F92-9116-EEC8D4AD63B0}"
	ProjectSection(SolutionItems) = preProject
		.editorconfig = .editorconfig
	EndProjectSection
EndProject
Project("{FAE04EC0-301F-11D3-BF4B-00C04F79EFBC}") = "Fumo.ThirdParty", "Fumo.ThirdParty\Fumo.ThirdParty.csproj", "{0967E4CE-60E5-494F-AE50-A50B42FD5648}"
EndProject
Global
	GlobalSection(SolutionConfigurationPlatforms) = preSolution
		Debug|Any CPU = Debug|Any CPU
		Release|Any CPU = Release|Any CPU
	EndGlobalSection
	GlobalSection(ProjectConfigurationPlatforms) = postSolution
		{C4CF57A6-08DE-49A7-A66E-3998F43C901C}.Debug|Any CPU.ActiveCfg = Debug|Any CPU
		{C4CF57A6-08DE-49A7-A66E-3998F43C901C}.Debug|Any CPU.Build.0 = Debug|Any CPU
		{C4CF57A6-08DE-49A7-A66E-3998F43C901C}.Release|Any CPU.ActiveCfg = Release|Any CPU
		{C4CF57A6-08DE-49A7-A66E-3998F43C901C}.Release|Any CPU.Build.0 = Release|Any CPU
		{0967E4CE-60E5-494F-AE50-A50B42FD5648}.Debug|Any CPU.ActiveCfg = Debug|Any CPU
		{0967E4CE-60E5-494F-AE50-A50B42FD5648}.Debug|Any CPU.Build.0 = Debug|Any CPU
		{0967E4CE-60E5-494F-AE50-A50B42FD5648}.Release|Any CPU.ActiveCfg = Release|Any CPU
		{0967E4CE-60E5-494F-AE50-A50B42FD5648}.Release|Any CPU.Build.0 = Release|Any CPU
	EndGlobalSection
	GlobalSection(SolutionProperties) = preSolution
		HideSolutionNode = FALSE
	EndGlobalSection
	GlobalSection(ExtensibilityGlobals) = postSolution
		SolutionGuid = {764B59D0-1B81-4091-9B36-FDF26C9B2E1D}
	EndGlobalSection
EndGlobal
