version = 1
revision = 2
requires-python = ">=3.13"

[[package]]
name = "beautifulsoup4"
version = "4.13.4"
source = { registry = "https://pypi.org/simple" }
dependencies = [
    { name = "soupsieve" },
    { name = "typing-extensions" },
]
sdist = { url = "https://files.pythonhosted.org/packages/d8/e4/0c4c39e18fd76d6a628d4dd8da40543d136ce2d1752bd6eeeab0791f4d6b/beautifulsoup4-4.13.4.tar.gz", hash = "sha256:dbb3c4e1ceae6aefebdaf2423247260cd062430a410e38c66f2baa50a8437195", size = 621067, upload-time = "2025-04-15T17:05:13.836Z" }
wheels = [
    { url = "https://files.pythonhosted.org/packages/50/cd/30110dc0ffcf3b131156077b90e9f60ed75711223f306da4db08eff8403b/beautifulsoup4-4.13.4-py3-none-any.whl", hash = "sha256:9bbbb14bfde9d79f38b8cd5f8c7c85f4b8f2523190ebed90e950a8dea4cb1c4b", size = 187285, upload-time = "2025-04-15T17:05:12.221Z" },
]

[[package]]
name = "certifi"
version = "2025.7.9"
source = { registry = "https://pypi.org/simple" }
sdist = { url = "https://files.pythonhosted.org/packages/de/8a/c729b6b60c66a38f590c4e774decc4b2ec7b0576be8f1aa984a53ffa812a/certifi-2025.7.9.tar.gz", hash = "sha256:c1d2ec05395148ee10cf672ffc28cd37ea0ab0d99f9cc74c43e588cbd111b079", size = 160386, upload-time = "2025-07-09T02:13:58.874Z" }
wheels = [
    { url = "https://files.pythonhosted.org/packages/66/f3/80a3f974c8b535d394ff960a11ac20368e06b736da395b551a49ce950cce/certifi-2025.7.9-py3-none-any.whl", hash = "sha256:d842783a14f8fdd646895ac26f719a061408834473cfc10203f6a575beb15d39", size = 159230, upload-time = "2025-07-09T02:13:57.007Z" },
]

[[package]]
name = "cffi"
version = "1.17.1"
source = { registry = "https://pypi.org/simple" }
dependencies = [
    { name = "pycparser" },
]
sdist = { url = "https://files.pythonhosted.org/packages/fc/97/c783634659c2920c3fc70419e3af40972dbaf758daa229a7d6ea6135c90d/cffi-1.17.1.tar.gz", hash = "sha256:1c39c6016c32bc48dd54561950ebd6836e1670f2ae46128f67cf49e789c52824", size = 516621, upload-time = "2024-09-04T20:45:21.852Z" }
wheels = [
    { url = "https://files.pythonhosted.org/packages/8d/f8/dd6c246b148639254dad4d6803eb6a54e8c85c6e11ec9df2cffa87571dbe/cffi-1.17.1-cp313-cp313-macosx_10_13_x86_64.whl", hash = "sha256:f3a2b4222ce6b60e2e8b337bb9596923045681d71e5a082783484d845390938e", size = 182989, upload-time = "2024-09-04T20:44:28.956Z" },
    { url = "https://files.pythonhosted.org/packages/8b/f1/672d303ddf17c24fc83afd712316fda78dc6fce1cd53011b839483e1ecc8/cffi-1.17.1-cp313-cp313-macosx_11_0_arm64.whl", hash = "sha256:0984a4925a435b1da406122d4d7968dd861c1385afe3b45ba82b750f229811e2", size = 178802, upload-time = "2024-09-04T20:44:30.289Z" },
    { url = "https://files.pythonhosted.org/packages/0e/2d/eab2e858a91fdff70533cab61dcff4a1f55ec60425832ddfdc9cd36bc8af/cffi-1.17.1-cp313-cp313-manylinux_2_12_i686.manylinux2010_i686.manylinux_2_17_i686.manylinux2014_i686.whl", hash = "sha256:d01b12eeeb4427d3110de311e1774046ad344f5b1a7403101878976ecd7a10f3", size = 454792, upload-time = "2024-09-04T20:44:32.01Z" },
    { url = "https://files.pythonhosted.org/packages/75/b2/fbaec7c4455c604e29388d55599b99ebcc250a60050610fadde58932b7ee/cffi-1.17.1-cp313-cp313-manylinux_2_17_aarch64.manylinux2014_aarch64.whl", hash = "sha256:706510fe141c86a69c8ddc029c7910003a17353970cff3b904ff0686a5927683", size = 478893, upload-time = "2024-09-04T20:44:33.606Z" },
    { url = "https://files.pythonhosted.org/packages/4f/b7/6e4a2162178bf1935c336d4da8a9352cccab4d3a5d7914065490f08c0690/cffi-1.17.1-cp313-cp313-manylinux_2_17_ppc64le.manylinux2014_ppc64le.whl", hash = "sha256:de55b766c7aa2e2a3092c51e0483d700341182f08e67c63630d5b6f200bb28e5", size = 485810, upload-time = "2024-09-04T20:44:35.191Z" },
    { url = "https://files.pythonhosted.org/packages/c7/8a/1d0e4a9c26e54746dc08c2c6c037889124d4f59dffd853a659fa545f1b40/cffi-1.17.1-cp313-cp313-manylinux_2_17_s390x.manylinux2014_s390x.whl", hash = "sha256:c59d6e989d07460165cc5ad3c61f9fd8f1b4796eacbd81cee78957842b834af4", size = 471200, upload-time = "2024-09-04T20:44:36.743Z" },
    { url = "https://files.pythonhosted.org/packages/26/9f/1aab65a6c0db35f43c4d1b4f580e8df53914310afc10ae0397d29d697af4/cffi-1.17.1-cp313-cp313-manylinux_2_17_x86_64.manylinux2014_x86_64.whl", hash = "sha256:dd398dbc6773384a17fe0d3e7eeb8d1a21c2200473ee6806bb5e6a8e62bb73dd", size = 479447, upload-time = "2024-09-04T20:44:38.492Z" },
    { url = "https://files.pythonhosted.org/packages/5f/e4/fb8b3dd8dc0e98edf1135ff067ae070bb32ef9d509d6cb0f538cd6f7483f/cffi-1.17.1-cp313-cp313-musllinux_1_1_aarch64.whl", hash = "sha256:3edc8d958eb099c634dace3c7e16560ae474aa3803a5df240542b305d14e14ed", size = 484358, upload-time = "2024-09-04T20:44:40.046Z" },
    { url = "https://files.pythonhosted.org/packages/f1/47/d7145bf2dc04684935d57d67dff9d6d795b2ba2796806bb109864be3a151/cffi-1.17.1-cp313-cp313-musllinux_1_1_x86_64.whl", hash = "sha256:72e72408cad3d5419375fc87d289076ee319835bdfa2caad331e377589aebba9", size = 488469, upload-time = "2024-09-04T20:44:41.616Z" },
    { url = "https://files.pythonhosted.org/packages/bf/ee/f94057fa6426481d663b88637a9a10e859e492c73d0384514a17d78ee205/cffi-1.17.1-cp313-cp313-win32.whl", hash = "sha256:e03eab0a8677fa80d646b5ddece1cbeaf556c313dcfac435ba11f107ba117b5d", size = 172475, upload-time = "2024-09-04T20:44:43.733Z" },
    { url = "https://files.pythonhosted.org/packages/7c/fc/6a8cb64e5f0324877d503c854da15d76c1e50eb722e320b15345c4d0c6de/cffi-1.17.1-cp313-cp313-win_amd64.whl", hash = "sha256:f6a16c31041f09ead72d69f583767292f750d24913dadacf5756b966aacb3f1a", size = 182009, upload-time = "2024-09-04T20:44:45.309Z" },
]

[[package]]
name = "cron"
version = "0.1.0"
source = { virtual = "." }
dependencies = [
    { name = "beautifulsoup4" },
    { name = "curl-cffi" },
]

[package.metadata]
requires-dist = [
    { name = "beautifulsoup4", specifier = ">=4.13.4" },
    { name = "curl-cffi", specifier = ">=0.11.4" },
]

[[package]]
name = "curl-cffi"
version = "0.11.4"
source = { registry = "https://pypi.org/simple" }
dependencies = [
    { name = "certifi" },
    { name = "cffi" },
]
sdist = { url = "https://files.pythonhosted.org/packages/20/da/033592539244b46f890e8af58e0d4b1941f23ca09f9fb00ca33dc3614f7a/curl_cffi-0.11.4.tar.gz", hash = "sha256:064ecab44c0571aaf47ad18a97200130f9e05bf7668fe3a2ff8633276fcbbb3c", size = 149116, upload-time = "2025-06-19T11:21:54.297Z" }
wheels = [
    { url = "https://files.pythonhosted.org/packages/3c/ba/1f8dc778d0b992e775bc61b84b4a95e5891af246ded5834ada305c443396/curl_cffi-0.11.4-cp39-abi3-macosx_10_9_x86_64.whl", hash = "sha256:a37b899f721b5f6c09ac5f93a0542afda8f9fe12b52b3399bfa558b8bbe67810", size = 5663025, upload-time = "2025-06-19T11:21:42.034Z" },
    { url = "https://files.pythonhosted.org/packages/8a/4a/e48bb17ff51025addcd6c85efbc144636199cead71809c02d7cc4abd3229/curl_cffi-0.11.4-cp39-abi3-macosx_11_0_arm64.whl", hash = "sha256:25f2751034494313183e0f78938cc3d5facb66d4989e1f36dc184c55eb239889", size = 2976972, upload-time = "2025-06-19T11:21:43.749Z" },
    { url = "https://files.pythonhosted.org/packages/a8/7e/327b95a1a832219cf243cab3cf4ebe595a544afc177b89631beb66a8b58f/curl_cffi-0.11.4-cp39-abi3-manylinux_2_17_aarch64.manylinux2014_aarch64.whl", hash = "sha256:f2a5f00fa3bc4a4c0f4b9e220920dbf6a6ab34207c1c0a4fe6beecfc9841de19", size = 8095157, upload-time = "2025-06-19T11:21:44.94Z" },
    { url = "https://files.pythonhosted.org/packages/8f/01/cff4fbd99356e94f0ba41b39cb20c0957348a661f5569d4ea6ca4b06748a/curl_cffi-0.11.4-cp39-abi3-manylinux_2_17_i686.manylinux2014_i686.whl", hash = "sha256:c313a42e16f74410ecc908c40ae9560a8fd0f565be902cb48a4c9c40127ae767", size = 7651024, upload-time = "2025-06-19T11:21:46.472Z" },
    { url = "https://files.pythonhosted.org/packages/4b/0b/9dd624d44b4ad9fe2d58772d82917d180135374d0a06244c44b0a3402227/curl_cffi-0.11.4-cp39-abi3-manylinux_2_17_x86_64.manylinux2014_x86_64.whl", hash = "sha256:c33497a59978cec42e779e26eff0af77dd21916897e38e6a815478f2f468c866", size = 8502647, upload-time = "2025-06-19T11:21:48.162Z" },
    { url = "https://files.pythonhosted.org/packages/b9/69/330a5a0e2b2e64989b2a7461ca0d31419a87f1e4eb7e09d96bb1e7b8d806/curl_cffi-0.11.4-cp39-abi3-musllinux_1_1_aarch64.whl", hash = "sha256:813849033032faa32f9e0b2be527e254c0af155a3e089f1d249ec669e8c58fd1", size = 8899282, upload-time = "2025-06-19T11:21:49.697Z" },
    { url = "https://files.pythonhosted.org/packages/dc/73/abcd4e4dd8df193e6ac34441e3418a6b136552d35847e1bbe747711c4a7f/curl_cffi-0.11.4-cp39-abi3-musllinux_1_1_x86_64.whl", hash = "sha256:1910829f48f05bffeb65d39eea70e9f33a5b85f9026454a2bc23a078d200ed8e", size = 8877510, upload-time = "2025-06-19T11:21:51.72Z" },
    { url = "https://files.pythonhosted.org/packages/20/45/ad9cf82caf011d52da50d74ed658d9e65283e5eb09a53f361a74a11e753d/curl_cffi-0.11.4-cp39-abi3-win_amd64.whl", hash = "sha256:a555346726c465d611dbad44239e046df6151f7305a29bd6e5b5df93536631bd", size = 1604452, upload-time = "2025-06-19T11:21:53.161Z" },
]

[[package]]
name = "pycparser"
version = "2.22"
source = { registry = "https://pypi.org/simple" }
sdist = { url = "https://files.pythonhosted.org/packages/1d/b2/31537cf4b1ca988837256c910a668b553fceb8f069bedc4b1c826024b52c/pycparser-2.22.tar.gz", hash = "sha256:491c8be9c040f5390f5bf44a5b07752bd07f56edf992381b05c701439eec10f6", size = 172736, upload-time = "2024-03-30T13:22:22.564Z" }
wheels = [
    { url = "https://files.pythonhosted.org/packages/13/a3/a812df4e2dd5696d1f351d58b8fe16a405b234ad2886a0dab9183fb78109/pycparser-2.22-py3-none-any.whl", hash = "sha256:c3702b6d3dd8c7abc1afa565d7e63d53a1d0bd86cdc24edd75470f4de499cfcc", size = 117552, upload-time = "2024-03-30T13:22:20.476Z" },
]

[[package]]
name = "soupsieve"
version = "2.7"
source = { registry = "https://pypi.org/simple" }
sdist = { url = "https://files.pythonhosted.org/packages/3f/f4/4a80cd6ef364b2e8b65b15816a843c0980f7a5a2b4dc701fc574952aa19f/soupsieve-2.7.tar.gz", hash = "sha256:ad282f9b6926286d2ead4750552c8a6142bc4c783fd66b0293547c8fe6ae126a", size = 103418, upload-time = "2025-04-20T18:50:08.518Z" }
wheels = [
    { url = "https://files.pythonhosted.org/packages/e7/9c/0e6afc12c269578be5c0c1c9f4b49a8d32770a080260c333ac04cc1c832d/soupsieve-2.7-py3-none-any.whl", hash = "sha256:6e60cc5c1ffaf1cebcc12e8188320b72071e922c2e897f737cadce79ad5d30c4", size = 36677, upload-time = "2025-04-20T18:50:07.196Z" },
]

[[package]]
name = "typing-extensions"
version = "4.14.1"
source = { registry = "https://pypi.org/simple" }
sdist = { url = "https://files.pythonhosted.org/packages/98/5a/da40306b885cc8c09109dc2e1abd358d5684b1425678151cdaed4731c822/typing_extensions-4.14.1.tar.gz", hash = "sha256:38b39f4aeeab64884ce9f74c94263ef78f3c22467c8724005483154c26648d36", size = 107673, upload-time = "2025-07-04T13:28:34.16Z" }
wheels = [
    { url = "https://files.pythonhosted.org/packages/b5/00/d631e67a838026495268c2f6884f3711a15a9a2a96cd244fdaea53b823fb/typing_extensions-4.14.1-py3-none-any.whl", hash = "sha256:d1e1e3b58374dc93031d6eda2420a48ea44a36c2b4766a4fdeb3710755731d76", size = 43906, upload-time = "2025-07-04T13:28:32.743Z" },
]
